Microsoft Visual Studio Solution File, Format Version 12.00
# Visual Studio Version 17
VisualStudioVersion = 17.5.2.0
MinimumVisualStudioVersion = 10.0.40219.1
Project("{2150E333-8FDC-42A3-9474-1A3956D46DE8}") = "server", "server", "{DAD03CFC-D5FA-AC94-41C7-9ABAB326F09E}"
EndProject
Project("{FAE04EC0-301F-11D3-BF4B-00C04F79EFBC}") = "TaskManagement.Server", "server\TaskManagement.Server\TaskManagement.Server.csproj", "{BC6BC912-5F34-0083-4848-0006230FD91D}"
EndProject
Global
	GlobalSection(SolutionConfigurationPlatforms) = preSolution
		Debug|Any CPU = Debug|Any CPU
		Release|Any CPU = Release|Any CPU
	EndGlobalSection
	GlobalSection(ProjectConfigurationPlatforms) = postSolution
		{BC6BC912-5F34-0083-4848-0006230FD91D}.Debug|Any CPU.ActiveCfg = Debug|Any CPU
		{BC6BC912-5F34-0083-4848-0006230FD91D}.Debug|Any CPU.Build.0 = Debug|Any CPU
		{BC6BC912-5F34-0083-4848-0006230FD91D}.Release|Any CPU.ActiveCfg = Release|Any CPU
		{BC6BC912-5F34-0083-4848-0006230FD91D}.Release|Any CPU.Build.0 = Release|Any CPU
	EndGlobalSection
	GlobalSection(SolutionProperties) = preSolution
		HideSolutionNode = FALSE
	EndGlobalSection
	GlobalSection(NestedProjects) = preSolution
		{BC6BC912-5F34-0083-4848-0006230FD91D} = {DAD03CFC-D5FA-AC94-41C7-9ABAB326F09E}
	EndGlobalSection
	GlobalSection(ExtensibilityGlobals) = postSolution
		SolutionGuid = {7A19F07A-7C67-4360-90C0-5B6FAC16AE23}
	EndGlobalSection
EndGlobal
